
Microsoft Visual Studio Solution File, Format Version 12.00
# Visual Studio Version 16
VisualStudioVersion = 16.0.29806.167
MinimumVisualStudioVersion = 10.0.40219.1
Project("{FAE04EC0-301F-11D3-BF4B-00C04F79EFBC}") = "Izone.Android", "Izone\Izone.Android\Izone.Android.csproj", "{AA3C718B-BE3A-404C-8239-88DB1AEFB195}"
EndProject
Project("{9A19103F-16F7-4668-BE54-9A1E7A4F7556}") = "Izone", "Izone\Izone\Izone.csproj", "{26DA1209-BB7E-4175-95C3-0D806569553F}"
EndProject
Project("{FAE04EC0-301F-11D3-BF4B-00C04F79EFBC}") = "Izone.UWP", "Izone\Izone.UWP\Izone.UWP.csproj", "{40509825-7F93-42B5-B0E3-217C27673758}"
EndProject
Global
	GlobalSection(SolutionConfigurationPlatforms) = preSolution
		Debug|Any CPU = Debug|Any CPU
		Debug|ARM = Debug|ARM
		Debug|ARM64 = Debug|ARM64
		Debug|x64 = Debug|x64
		Debug|x86 = Debug|x86
		Release|Any CPU = Release|Any CPU
		Release|ARM = Release|ARM
		Release|ARM64 = Release|ARM64
		Release|x64 = Release|x64
		Release|x86 = Release|x86
	EndGlobalSection
	GlobalSection(ProjectConfigurationPlatforms) = postSolution
		{AA3C718B-BE3A-404C-8239-88DB1AEFB195}.Debug|Any CPU.ActiveCfg = Debug|Any CPU
		{AA3C718B-BE3A-404C-8239-88DB1AEFB195}.Debug|Any CPU.Build.0 = Debug|Any CPU
		{AA3C718B-BE3A-404C-8239-88DB1AEFB195}.Debug|Any CPU.Deploy.0 = Debug|Any CPU
		{AA3C718B-BE3A-404C-8239-88DB1AEFB195}.Debug|ARM.ActiveCfg = Debug|Any CPU
		{AA3C718B-BE3A-404C-8239-88DB1AEFB195}.Debug|ARM.Build.0 = Debug|Any CPU
		{AA3C718B-BE3A-404C-8239-88DB1AEFB195}.Debug|ARM.Deploy.0 = Debug|Any CPU
		{AA3C718B-BE3A-404C-8239-88DB1AEFB195}.Debug|ARM64.ActiveCfg = Debug|Any CPU
		{AA3C718B-BE3A-404C-8239-88DB1AEFB195}.Debug|ARM64.Build.0 = Debug|Any CPU
		{AA3C718B-BE3A-404C-8239-88DB1AEFB195}.Debug|ARM64.Deploy.0 = Debug|Any CPU
		{AA3C718B-BE3A-404C-8239-88DB1AEFB195}.Debug|x64.ActiveCfg = Debug|Any CPU
		{AA3C718B-BE3A-404C-8239-88DB1AEFB195}.Debug|x64.Build.0 = Debug|Any CPU
		{AA3C718B-BE3A-404C-8239-88DB1AEFB195}.Debug|x64.Deploy.0 = Debug|Any CPU
		{AA3C718B-BE3A-404C-8239-88DB1AEFB195}.Debug|x86.ActiveCfg = Debug|Any CPU
		{AA3C718B-BE3A-404C-8239-88DB1AEFB195}.Debug|x86.Build.0 = Debug|Any CPU
		{AA3C718B-BE3A-404C-8239-88DB1AEFB195}.Debug|x86.Deploy.0 = Debug|Any CPU
		{AA3C718B-BE3A-404C-8239-88DB1AEFB195}.Release|Any CPU.ActiveCfg = Release|Any CPU
		{AA3C718B-BE3A-404C-8239-88DB1AEFB195}.Release|Any CPU.Build.0 = Release|Any CPU
		{AA3C718B-BE3A-404C-8239-88DB1AEFB195}.Release|Any CPU.Deploy.0 = Release|Any CPU
		{AA3C718B-BE3A-404C-8239-88DB1AEFB195}.Release|ARM.ActiveCfg = Release|Any CPU
		{AA3C718B-BE3A-404C-8239-88DB1AEFB195}.Release|ARM.Build.0 = Release|Any CPU
		{AA3C718B-BE3A-404C-8239-88DB1AEFB195}.Release|ARM.Deploy.0 = Release|Any CPU
		{AA3C718B-BE3A-404C-8239-88DB1AEFB195}.Release|ARM64.ActiveCfg = Release|Any CPU
		{AA3C718B-BE3A-404C-8239-88DB1AEFB195}.Release|ARM64.Build.0 = Release|Any CPU
		{AA3C718B-BE3A-404C-8239-88DB1AEFB195}.Release|ARM64.Deploy.0 = Release|Any CPU
		{AA3C718B-BE3A-404C-8239-88DB1AEFB195}.Release|x64.ActiveCfg = Release|Any CPU
		{AA3C718B-BE3A-404C-8239-88DB1AEFB195}.Release|x64.Build.0 = Release|Any CPU
		{AA3C718B-BE3A-404C-8239-88DB1AEFB195}.Release|x64.Deploy.0 = Release|Any CPU
		{AA3C718B-BE3A-404C-8239-88DB1AEFB195}.Release|x86.ActiveCfg = Release|Any CPU
		{AA3C718B-BE3A-404C-8239-88DB1AEFB195}.Release|x86.Build.0 = Release|Any CPU
		{AA3C718B-BE3A-404C-8239-88DB1AEFB195}.Release|x86.Deploy.0 = Release|Any CPU
		{26DA1209-BB7E-4175-95C3-0D806569553F}.Debug|Any CPU.ActiveCfg = Debug|Any CPU
		{26DA1209-BB7E-4175-95C3-0D806569553F}.Debug|Any CPU.Build.0 = Debug|Any CPU
		{26DA1209-BB7E-4175-95C3-0D806569553F}.Debug|Any CPU.Deploy.0 = Debug|Any CPU
		{26DA1209-BB7E-4175-95C3-0D806569553F}.Debug|ARM.ActiveCfg = Debug|Any CPU
		{26DA1209-BB7E-4175-95C3-0D806569553F}.Debug|ARM.Build.0 = Debug|Any CPU
		{26DA1209-BB7E-4175-95C3-0D806569553F}.Debug|ARM64.ActiveCfg = Debug|Any CPU
		{26DA1209-BB7E-4175-95C3-0D806569553F}.Debug|ARM64.Build.0 = Debug|Any CPU
		{26DA1209-BB7E-4175-95C3-0D806569553F}.Debug|x64.ActiveCfg = Debug|Any CPU
		{26DA1209-BB7E-4175-95C3-0D806569553F}.Debug|x64.Build.0 = Debug|Any CPU
		{26DA1209-BB7E-4175-95C3-0D806569553F}.Debug|x86.ActiveCfg = Debug|Any CPU
		{26DA1209-BB7E-4175-95C3-0D806569553F}.Debug|x86.Build.0 = Debug|Any CPU
		{26DA1209-BB7E-4175-95C3-0D806569553F}.Release|Any CPU.ActiveCfg = Release|Any CPU
		{26DA1209-BB7E-4175-95C3-0D806569553F}.Release|Any CPU.Build.0 = Release|Any CPU
		{26DA1209-BB7E-4175-95C3-0D806569553F}.Release|Any CPU.Deploy.0 = Release|Any CPU
		{26DA1209-BB7E-4175-95C3-0D806569553F}.Release|ARM.ActiveCfg = Release|Any CPU
		{26DA1209-BB7E-4175-95C3-0D806569553F}.Release|ARM.Build.0 = Release|Any CPU
		{26DA1209-BB7E-4175-95C3-0D806569553F}.Release|ARM64.ActiveCfg = Release|Any CPU
		{26DA1209-BB7E-4175-95C3-0D806569553F}.Release|ARM64.Build.0 = Release|Any CPU
		{26DA1209-BB7E-4175-95C3-0D806569553F}.Release|x64.ActiveCfg = Release|Any CPU
		{26DA1209-BB7E-4175-95C3-0D806569553F}.Release|x64.Build.0 = Release|Any CPU
		{26DA1209-BB7E-4175-95C3-0D806569553F}.Release|x86.ActiveCfg = Release|Any CPU
		{26DA1209-BB7E-4175-95C3-0D806569553F}.Release|x86.Build.0 = Release|Any CPU
		{40509825-7F93-42B5-B0E3-217C27673758}.Debug|Any CPU.ActiveCfg = Debug|x86
		{40509825-7F93-42B5-B0E3-217C27673758}.Debug|Any CPU.Build.0 = Debug|x86
		{40509825-7F93-42B5-B0E3-217C27673758}.Debug|Any CPU.Deploy.0 = Debug|x86
		{40509825-7F93-42B5-B0E3-217C27673758}.Debug|ARM.ActiveCfg = Debug|ARM
		{40509825-7F93-42B5-B0E3-217C27673758}.Debug|ARM.Build.0 = Debug|ARM
		{40509825-7F93-42B5-B0E3-217C27673758}.Debug|ARM.Deploy.0 = Debug|ARM
		{40509825-7F93-42B5-B0E3-217C27673758}.Debug|ARM64.ActiveCfg = Debug|ARM64
		{40509825-7F93-42B5-B0E3-217C27673758}.Debug|ARM64.Build.0 = Debug|ARM64
		{40509825-7F93-42B5-B0E3-217C27673758}.Debug|ARM64.Deploy.0 = Debug|ARM64
		{40509825-7F93-42B5-B0E3-217C27673758}.Debug|x64.ActiveCfg = Debug|x64
		{40509825-7F93-42B5-B0E3-217C27673758}.Debug|x64.Build.0 = Debug|x64
		{40509825-7F93-42B5-B0E3-217C27673758}.Debug|x64.Deploy.0 = Debug|x64
		{40509825-7F93-42B5-B0E3-217C27673758}.Debug|x86.ActiveCfg = Debug|x86
		{40509825-7F93-42B5-B0E3-217C27673758}.Debug|x86.Build.0 = Debug|x86
		{40509825-7F93-42B5-B0E3-217C27673758}.Debug|x86.Deploy.0 = Debug|x86
		{40509825-7F93-42B5-B0E3-217C27673758}.Release|Any CPU.ActiveCfg = Release|x86
		{40509825-7F93-42B5-B0E3-217C27673758}.Release|ARM.ActiveCfg = Release|ARM
		{40509825-7F93-42B5-B0E3-217C27673758}.Release|ARM.Build.0 = Release|ARM
		{40509825-7F93-42B5-B0E3-217C27673758}.Release|ARM.Deploy.0 = Release|ARM
		{40509825-7F93-42B5-B0E3-217C27673758}.Release|ARM64.ActiveCfg = Release|ARM64
		{40509825-7F93-42B5-B0E3-217C27673758}.Release|ARM64.Build.0 = Release|ARM64
		{40509825-7F93-42B5-B0E3-217C27673758}.Release|ARM64.Deploy.0 = Release|ARM64
		{40509825-7F93-42B5-B0E3-217C27673758}.Release|x64.ActiveCfg = Release|x64
		{40509825-7F93-42B5-B0E3-217C27673758}.Release|x64.Build.0 = Release|x64
		{40509825-7F93-42B5-B0E3-217C27673758}.Release|x64.Deploy.0 = Release|x64
		{40509825-7F93-42B5-B0E3-217C27673758}.Release|x86.ActiveCfg = Release|x86
		{40509825-7F93-42B5-B0E3-217C27673758}.Release|x86.Build.0 = Release|x86
		{40509825-7F93-42B5-B0E3-217C27673758}.Release|x86.Deploy.0 = Release|x86
	EndGlobalSection
	GlobalSection(SolutionProperties) = preSolution
		HideSolutionNode = FALSE
	EndGlobalSection
	GlobalSection(ExtensibilityGlobals) = postSolution
		SolutionGuid = {084DBEC3-4204-410A-A0E0-AB439981D043}
	EndGlobalSection
EndGlobal
